
Microsoft Visual Studio Solution File, Format Version 12.00
# Visual Studio Version 17
VisualStudioVersion = 17.1.32228.430
MinimumVisualStudioVersion = 10.0.40219.1
Project("{FAE04EC0-301F-11D3-BF4B-00C04F79EFBC}") = "reportes2", "reportes2.csproj", "{194D3141-B31F-40A3-A808-940248BDE358}"
EndProject
Global
	GlobalSection(SolutionConfigurationPlatforms) = preSolution
		Debug|Any CPU = Debug|Any CPU
		Release|Any CPU = Release|Any CPU
	EndGlobalSection
	GlobalSection(ProjectConfigurationPlatforms) = postSolution
		{194D3141-B31F-40A3-A808-940248BDE358}.Debug|Any CPU.ActiveCfg = Debug|Any CPU
		{194D3141-B31F-40A3-A808-940248BDE358}.Debug|Any CPU.Build.0 = Debug|Any CPU
		{194D3141-B31F-40A3-A808-940248BDE358}.Release|Any CPU.ActiveCfg = Release|Any CPU
		{194D3141-B31F-40A3-A808-940248BDE358}.Release|Any CPU.Build.0 = Release|Any CPU
	EndGlobalSection
	GlobalSection(SolutionProperties) = preSolution
		HideSolutionNode = FALSE
	EndGlobalSection
	GlobalSection(ExtensibilityGlobals) = postSolution
		SolutionGuid = {242B91E4-6EA7-4F66-85C6-0B9AC510F950}
	EndGlobalSection
EndGlobal
